// !$*UTF8*$!
{
	archiveVersion = 1;
	classes = {
	};
	objectVersion = 56;
	objects = {

/* Begin PBXBuildFile section */
		5267B6722BA369FC00E9C8A5 /* EasyTrainerWatch Watch App.app in Embed Watch Content */ = {isa = PBXBuildFile; fileRef = 5267B6712BA369FC00E9C8A5 /* EasyTrainerWatch Watch App.app */; settings = {ATTRIBUTES = (RemoveHeadersOnCopy, ); }; };
		5267B6772BA369FC00E9C8A5 /* EasyTrainerWatchApp.swift in Sources */ = {isa = PBXBuildFile; fileRef = 5267B6762BA369FC00E9C8A5 /* EasyTrainerWatchApp.swift */; };
		5267B6792BA369FC00E9C8A5 /* ContentView.swift in Sources */ = {isa = PBXBuildFile; fileRef = 5267B6782BA369FC00E9C8A5 /* ContentView.swift */; };
		5267B67B2BA369FF00E9C8A5 /* Assets.xcassets in Resources */ = {isa = PBXBuildFile; fileRef = 5267B67A2BA369FF00E9C8A5 /* Assets.xcassets */; };
		5267B67E2BA369FF00E9C8A5 /* Preview Assets.xcassets in Resources */ = {isa = PBXBuildFile; fileRef = 5267B67D2BA369FF00E9C8A5 /* Preview Assets.xcassets */; };
/* End PBXBuildFile section */

/* Begin PBXContainerItemProxy section */
		5267B6732BA369FC00E9C8A5 /* PBXContainerItemProxy */ = {
			isa = PBXContainerItemProxy;
			containerPortal = 5267B6652BA369FC00E9C8A5 /* Project object */;
			proxyType = 1;
			remoteGlobalIDString = 5267B6702BA369FC00E9C8A5;
			remoteInfo = "EasyTrainerWatch Watch App";
		};
/* End PBXContainerItemProxy section */

/* Begin PBXCopyFilesBuildPhase section */
		5267B6842BA369FF00E9C8A5 /* Embed Watch Content */ = {
			isa = PBXCopyFilesBuildPhase;
			buildActionMask = 2147483647;
			dstPath = "$(CONTENTS_FOLDER_PATH)/Watch";
			dstSubfolderSpec = 16;
			files = (
				5267B6722BA369FC00E9C8A5 /* EasyTrainerWatch Watch App.app in Embed Watch Content */,
			);
			name = "Embed Watch Content";
			runOnlyForDeploymentPostprocessing = 0;
		};
/* End PBXCopyFilesBuildPhase section */

/* Begin PBXFileReference section */
		5267B66B2BA369FC00E9C8A5 /* EasyTrainerWatch.app */ = {isa = PBXFileReference; explicitFileType = wrapper.application; includeInIndex = 0; path = EasyTrainerWatch.app; sourceTree = BUILT_PRODUCTS_DIR; };
		5267B6712BA369FC00E9C8A5 /* EasyTrainerWatch Watch App.app */ = {isa = PBXFileReference; explicitFileType = wrapper.application; includeInIndex = 0; path = "EasyTrainerWatch Watch App.app"; sourceTree = BUILT_PRODUCTS_DIR; };
		5267B6762BA369FC00E9C8A5 /* EasyTrainerWatchApp.swift */ = {isa = PBXFileReference; lastKnownFileType = sourcecode.swift; path = EasyTrainerWatchApp.swift; sourceTree = "<group>"; };
		5267B6782BA369FC00E9C8A5 /* ContentView.swift */ = {isa = PBXFileReference; lastKnownFileType = sourcecode.swift; path = ContentView.swift; sourceTree = "<group>"; };
		5267B67A2BA369FF00E9C8A5 /* Assets.xcassets */ = {isa = PBXFileReference; lastKnownFileType = folder.assetcatalog; path = Assets.xcassets; sourceTree = "<group>"; };
		5267B67D2BA369FF00E9C8A5 /* Preview Assets.xcassets */ = {isa = PBXFileReference; lastKnownFileType = folder.assetcatalog; path = "Preview Assets.xcassets"; sourceTree = "<group>"; };
/* End PBXFileReference section */

/* Begin PBXFrameworksBuildPhase section */
		5267B66E2BA369FC00E9C8A5 /* Frameworks */ = {
			isa = PBXFrameworksBuildPhase;
			buildActionMask = 2147483647;
			files = (
			);
			runOnlyForDeploymentPostprocessing = 0;
		};
/* End PBXFrameworksBuildPhase section */

/* Begin PBXGroup section */
		5267B6642BA369FC00E9C8A5 = {
			isa = PBXGroup;
			children = (
				5267B6752BA369FC00E9C8A5 /* EasyTrainerWatch Watch App */,
				5267B66C2BA369FC00E9C8A5 /* Products */,
			);
			sourceTree = "<group>";
		};
		5267B66C2BA369FC00E9C8A5 /* Products */ = {
			isa = PBXGroup;
			children = (
				5267B66B2BA369FC00E9C8A5 /* EasyTrainerWatch.app */,
				5267B6712BA369FC00E9C8A5 /* EasyTrainerWatch Watch App.app */,
			);
			name = Products;
			sourceTree = "<group>";
		};
		5267B6752BA369FC00E9C8A5 /* EasyTrainerWatch Watch App */ = {
			isa = PBXGroup;
			children = (
				5267B6762BA369FC00E9C8A5 /* EasyTrainerWatchApp.swift */,
				5267B6782BA369FC00E9C8A5 /* ContentView.swift */,
				5267B67A2BA369FF00E9C8A5 /* Assets.xcassets */,
				5267B67C2BA369FF00E9C8A5 /* Preview Content */,
			);
			path = "EasyTrainerWatch Watch App";
			sourceTree = "<group>";
		};
		5267B67C2BA369FF00E9C8A5 /* Preview Content */ = {
			isa = PBXGroup;
			children = (
				5267B67D2BA369FF00E9C8A5 /* Preview Assets.xcassets */,
			);
			path = "Preview Content";
			sourceTree = "<group>";
		};
/* End PBXGroup section */

/* Begin PBXNativeTarget section */
		5267B66A2BA369FC00E9C8A5 /* EasyTrainerWatch */ = {
			isa = PBXNativeTarget;
			buildConfigurationList = 5267B6852BA369FF00E9C8A5 /* Build configuration list for PBXNativeTarget "EasyTrainerWatch" */;
			buildPhases = (
				5267B6692BA369FC00E9C8A5 /* Resources */,
				5267B6842BA369FF00E9C8A5 /* Embed Watch Content */,
			);
			buildRules = (
			);
			dependencies = (
				5267B6742BA369FC00E9C8A5 /* PBXTargetDependency */,
			);
			name = EasyTrainerWatch;
			productName = EasyTrainerWatch;
			productReference = 5267B66B2BA369FC00E9C8A5 /* EasyTrainerWatch.app */;
			productType = "com.apple.product-type.application.watchapp2-container";
		};
		5267B6702BA369FC00E9C8A5 /* EasyTrainerWatch Watch App */ = {
			isa = PBXNativeTarget;
			buildConfigurationList = 5267B6812BA369FF00E9C8A5 /* Build configuration list for PBXNativeTarget "EasyTrainerWatch Watch App" */;
			buildPhases = (
				5267B66D2BA369FC00E9C8A5 /* Sources */,
				5267B66E2BA369FC00E9C8A5 /* Frameworks */,
				5267B66F2BA369FC00E9C8A5 /* Resources */,
			);
			buildRules = (
			);
			dependencies = (
			);
			name = "EasyTrainerWatch Watch App";
			productName = "EasyTrainerWatch Watch App";
			productReference = 5267B6712BA369FC00E9C8A5 /* EasyTrainerWatch Watch App.app */;
			productType = "com.apple.product-type.application";
		};
/* End PBXNativeTarget section */

/* Begin PBXProject section */
		5267B6652BA369FC00E9C8A5 /* Project object */ = {
			isa = PBXProject;
			attributes = {
				BuildIndependentTargetsInParallel = 1;
				LastSwiftUpdateCheck = 1430;
				LastUpgradeCheck = 1430;
				TargetAttributes = {
					5267B66A2BA369FC00E9C8A5 = {
						CreatedOnToolsVersion = 14.3.1;
					};
					5267B6702BA369FC00E9C8A5 = {
						CreatedOnToolsVersion = 14.3.1;
					};
				};
			};
			buildConfigurationList = 5267B6682BA369FC00E9C8A5 /* Build configuration list for PBXProject "EasyTrainerWatch" */;
			compatibilityVersion = "Xcode 14.0";
			developmentRegion = en;
			hasScannedForEncodings = 0;
			knownRegions = (
				en,
				Base,
			);
			mainGroup = 5267B6642BA369FC00E9C8A5;
			productRefGroup = 5267B66C2BA369FC00E9C8A5 /* Products */;
			projectDirPath = "";
			projectRoot = "";
			targets = (
				5267B66A2BA369FC00E9C8A5 /* EasyTrainerWatch */,
				5267B6702BA369FC00E9C8A5 /* EasyTrainerWatch Watch App */,
			);
		};
/* End PBXProject section */

/* Begin PBXResourcesBuildPhase section */
		5267B6692BA369FC00E9C8A5 /* Resources */ = {
			isa = PBXResourcesBuildPhase;
			buildActionMask = 2147483647;
			files = (
			);
			runOnlyForDeploymentPostprocessing = 0;
		};
		5267B66F2BA369FC00E9C8A5 /* Resources */ = {
			isa = PBXResourcesBuildPhase;
			buildActionMask = 2147483647;
			files = (
				5267B67E2BA369FF00E9C8A5 /* Preview Assets.xcassets in Resources */,
				5267B67B2BA369FF00E9C8A5 /* Assets.xcassets in Resources */,
			);
			runOnlyForDeploymentPostprocessing = 0;
		};
/* End PBXResourcesBuildPhase section */

/* Begin PBXSourcesBuildPhase section */
		5267B66D2BA369FC00E9C8A5 /* Sources */ = {
			isa = PBXSourcesBuildPhase;
			buildActionMask = 2147483647;
			files = (
				5267B6792BA369FC00E9C8A5 /* ContentView.swift in Sources */,
				5267B6772BA369FC00E9C8A5 /* EasyTrainerWatchApp.swift in Sources */,
			);
			runOnlyForDeploymentPostprocessing = 0;
		};
/* End PBXSourcesBuildPhase section */

/* Begin PBXTargetDependency section */
		5267B6742BA369FC00E9C8A5 /* PBXTargetDependency */ = {
			isa = PBXTargetDependency;
			target = 5267B6702BA369FC00E9C8A5 /* EasyTrainerWatch Watch App */;
			targetProxy = 5267B6732BA369FC00E9C8A5 /* PBXContainerItemProxy */;
		};
/* End PBXTargetDependency section */

/* Begin XCBuildConfiguration section */
		5267B67F2BA369FF00E9C8A5 /* Debug */ = {
			isa = XCBuildConfiguration;
			buildSettings = {
				ALWAYS_SEARCH_USER_PATHS = NO;
				CLANG_ANALYZER_NONNULL = YES;
				CLANG_ANALYZER_NUMBER_OBJECT_CONVERSION = YES_AGGRESSIVE;
				CLANG_CXX_LANGUAGE_STANDARD = "gnu++20";
				CLANG_ENABLE_MODULES = YES;
				CLANG_ENABLE_OBJC_ARC = YES;
				CLANG_ENABLE_OBJC_WEAK = YES;
				CLANG_WARN_BLOCK_CAPTURE_AUTORELEASING = YES;
				CLANG_WARN_BOOL_CONVERSION = YES;
				CLANG_WARN_COMMA = YES;
				CLANG_WARN_CONSTANT_CONVERSION = YES;
				CLANG_WARN_DEPRECATED_OBJC_IMPLEMENTATIONS = YES;
				CLANG_WARN_DIRECT_OBJC_ISA_USAGE = YES_ERROR;
				CLANG_WARN_DOCUMENTATION_COMMENTS = YES;
				CLANG_WARN_EMPTY_BODY = YES;
				CLANG_WARN_ENUM_CONVERSION = YES;
				CLANG_WARN_INFINITE_RECURSION = YES;
				CLANG_WARN_INT_CONVERSION = YES;
				CLANG_WARN_NON_LITERAL_NULL_CONVERSION = YES;
				CLANG_WARN_OBJC_IMPLICIT_RETAIN_SELF = YES;
				CLANG_WARN_OBJC_LITERAL_CONVERSION = YES;
				CLANG_WARN_OBJC_ROOT_CLASS = YES_ERROR;
				CLANG_WARN_QUOTED_INCLUDE_IN_FRAMEWORK_HEADER = YES;
				CLANG_WARN_RANGE_LOOP_ANALYSIS = YES;
				CLANG_WARN_STRICT_PROTOTYPES = YES;
				CLANG_WARN_SUSPICIOUS_MOVE = YES;
				CLANG_WARN_UNGUARDED_AVAILABILITY = YES_AGGRESSIVE;
				CLANG_WARN_UNREACHABLE_CODE = YES;
				CLANG_WARN__DUPLICATE_METHOD_MATCH = YES;
				COPY_PHASE_STRIP = NO;
				DEBUG_INFORMATION_FORMAT = dwarf;
				ENABLE_STRICT_OBJC_MSGSEND = YES;
				ENABLE_TESTABILITY = YES;
				GCC_C_LANGUAGE_STANDARD = gnu11;
				GCC_DYNAMIC_NO_PIC = NO;
				GCC_NO_COMMON_BLOCKS = YES;
				GCC_OPTIMIZATION_LEVEL = 0;
				GCC_PREPROCESSOR_DEFINITIONS = (
					"DEBUG=1",
					"$(inherited)",
				);
				GCC_WARN_64_TO_32_BIT_CONVERSION = YES;
				GCC_WARN_ABOUT_RETURN_TYPE = YES_ERROR;
				GCC_WARN_UNDECLARED_SELECTOR = YES;
				GCC_WARN_UNINITIALIZED_AUTOS = YES_AGGRESSIVE;
				GCC_WARN_UNUSED_FUNCTION = YES;
				GCC_WARN_UNUSED_VARIABLE = YES;
				MTL_ENABLE_DEBUG_INFO = INCLUDE_SOURCE;
				MTL_FAST_MATH = YES;
				ONLY_ACTIVE_ARCH = YES;
				SWIFT_ACTIVE_COMPILATION_CONDITIONS = DEBUG;
				SWIFT_OPTIMIZATION_LEVEL = "-Onone";
			};
			name = Debug;
		};
		5267B6802BA369FF00E9C8A5 /* Release */ = {
			isa = XCBuildConfiguration;
			buildSettings = {
				ALWAYS_SEARCH_USER_PATHS = NO;
				CLANG_ANALYZER_NONNULL = YES;
				CLANG_ANALYZER_NUMBER_OBJECT_CONVERSION = YES_AGGRESSIVE;
				CLANG_CXX_LANGUAGE_STANDARD = "gnu++20";
				CLANG_ENABLE_MODULES = YES;
				CLANG_ENABLE_OBJC_ARC = YES;
				CLANG_ENABLE_OBJC_WEAK = YES;
				CLANG_WARN_BLOCK_CAPTURE_AUTORELEASING = YES;
				CLANG_WARN_BOOL_CONVERSION = YES;
				CLANG_WARN_COMMA = YES;
				CLANG_WARN_CONSTANT_CONVERSION = YES;
				CLANG_WARN_DEPRECATED_OBJC_IMPLEMENTATIONS = YES;
				CLANG_WARN_DIRECT_OBJC_ISA_USAGE = YES_ERROR;
				CLANG_WARN_DOCUMENTATION_COMMENTS = YES;
				CLANG_WARN_EMPTY_BODY = YES;
				CLANG_WARN_ENUM_CONVERSION = YES;
				CLANG_WARN_INFINITE_RECURSION = YES;
				CLANG_WARN_INT_CONVERSION = YES;
				CLANG_WARN_NON_LITERAL_NULL_CONVERSION = YES;
				CLANG_WARN_OBJC_IMPLICIT_RETAIN_SELF = YES;
				CLANG_WARN_OBJC_LITERAL_CONVERSION = YES;
				CLANG_WARN_OBJC_ROOT_CLASS = YES_ERROR;
				CLANG_WARN_QUOTED_INCLUDE_IN_FRAMEWORK_HEADER = YES;
				CLANG_WARN_RANGE_LOOP_ANALYSIS = YES;
				CLANG_WARN_STRICT_PROTOTYPES = YES;
				CLANG_WARN_SUSPICIOUS_MOVE = YES;
				CLANG_WARN_UNGUARDED_AVAILABILITY = YES_AGGRESSIVE;
				CLANG_WARN_UNREACHABLE_CODE = YES;
				CLANG_WARN__DUPLICATE_METHOD_MATCH = YES;
				COPY_PHASE_STRIP = NO;
				DEBUG_INFORMATION_FORMAT = "dwarf-with-dsym";
				ENABLE_NS_ASSERTIONS = NO;
				ENABLE_STRICT_OBJC_MSGSEND = YES;
				GCC_C_LANGUAGE_STANDARD = gnu11;
				GCC_NO_COMMON_BLOCKS = YES;
				GCC_WARN_64_TO_32_BIT_CONVERSION = YES;
				GCC_WARN_ABOUT_RETURN_TYPE = YES_ERROR;
				GCC_WARN_UNDECLARED_SELECTOR = YES;
				GCC_WARN_UNINITIALIZED_AUTOS = YES_AGGRESSIVE;
				GCC_WARN_UNUSED_FUNCTION = YES;
				GCC_WARN_UNUSED_VARIABLE = YES;
				MTL_ENABLE_DEBUG_INFO = NO;
				MTL_FAST_MATH = YES;
				SWIFT_COMPILATION_MODE = wholemodule;
				SWIFT_OPTIMIZATION_LEVEL = "-O";
			};
			name = Release;
		};
		5267B6822BA369FF00E9C8A5 /* Debug */ = {
			isa = XCBuildConfiguration;
			buildSettings = {
				ASSETCATALOG_COMPILER_APPICON_NAME = AppIcon;
				ASSETCATALOG_COMPILER_GLOBAL_ACCENT_COLOR_NAME = AccentColor;
				CODE_SIGN_STYLE = Automatic;
				CURRENT_PROJECT_VERSION = 1;
				DEVELOPMENT_ASSET_PATHS = "\"EasyTrainerWatch Watch App/Preview Content\"";
				DEVELOPMENT_TEAM = 3428D36DYH;
				ENABLE_PREVIEWS = YES;
				GENERATE_INFOPLIST_FILE = YES;
				INFOPLIST_KEY_CFBundleDisplayName = EasyTrainerWatch;
				INFOPLIST_KEY_UISupportedInterfaceOrientations = "UIInterfaceOrientationPortrait UIInterfaceOrientationPortraitUpsideDown";
				INFOPLIST_KEY_WKWatchOnly = YES;
				LD_RUNPATH_SEARCH_PATHS = (
					"$(inherited)",
					"@executable_path/Frameworks",
				);
				MARKETING_VERSION = 1.0;
				PRODUCT_BUNDLE_IDENTIFIER = com.myfirstApp.EasyTrainerWatch.watchkitapp;
				PRODUCT_NAME = "$(TARGET_NAME)";
				SDKROOT = watchos;
				SKIP_INSTALL = YES;
				SWIFT_EMIT_LOC_STRINGS = YES;
				SWIFT_VERSION = 5.0;
				TARGETED_DEVICE_FAMILY = 4;
				WATCHOS_DEPLOYMENT_TARGET = 9.4;
			};
			name = Debug;
		};
		5267B6832BA369FF00E9C8A5 /* Release */ = {
			isa = XCBuildConfiguration;
			buildSettings = {
				ASSETCATALOG_COMPILER_APPICON_NAME = AppIcon;
				ASSETCATALOG_COMPILER_GLOBAL_ACCENT_COLOR_NAME = AccentColor;
				CODE_SIGN_STYLE = Automatic;
				CURRENT_PROJECT_VERSION = 1;
				DEVELOPMENT_ASSET_PATHS = "\"EasyTrainerWatch Watch App/Preview Content\"";
				DEVELOPMENT_TEAM = 3428D36DYH;
				ENABLE_PREVIEWS = YES;
				GENERATE_INFOPLIST_FILE = YES;
				INFOPLIST_KEY_CFBundleDisplayName = EasyTrainerWatch;
				INFOPLIST_KEY_UISupportedInterfaceOrientations = "UIInterfaceOrientationPortrait UIInterfaceOrientationPortraitUpsideDown";
				INFOPLIST_KEY_WKWatchOnly = YES;
				LD_RUNPATH_SEARCH_PATHS = (
					"$(inherited)",
					"@executable_path/Frameworks",
				);
				MARKETING_VERSION = 1.0;
				PRODUCT_BUNDLE_IDENTIFIER = com.myfirstApp.EasyTrainerWatch.watchkitapp;
				PRODUCT_NAME = "$(TARGET_NAME)";
				SDKROOT = watchos;
				SKIP_INSTALL = YES;
				SWIFT_EMIT_LOC_STRINGS = YES;
				SWIFT_VERSION = 5.0;
				TARGETED_DEVICE_FAMILY = 4;
				VALIDATE_PRODUCT = YES;
				WATCHOS_DEPLOYMENT_TARGET = 9.4;
			};
			name = Release;
		};
		5267B6862BA369FF00E9C8A5 /* Debug */ = {
			isa = XCBuildConfiguration;
			buildSettings = {
				ALWAYS_EMBED_SWIFT_STANDARD_LIBRARIES = YES;
				CODE_SIGN_STYLE = Automatic;
				CURRENT_PROJECT_VERSION = 1;
				DEVELOPMENT_TEAM = 3428D36DYH;
				INFOPLIST_KEY_CFBundleDisplayName = EasyTrainerWatch;
				MARKETING_VERSION = 1.0;
				PRODUCT_BUNDLE_IDENTIFIER = com.myfirstApp.EasyTrainerWatch;
				PRODUCT_NAME = "$(TARGET_NAME)";
				SDKROOT = iphoneos;
				SWIFT_VERSION = 5.0;
			};
			name = Debug;
		};
		5267B6872BA369FF00E9C8A5 /* Release */ = {
			isa = XCBuildConfiguration;
			buildSettings = {
				ALWAYS_EMBED_SWIFT_STANDARD_LIBRARIES = YES;
				CODE_SIGN_STYLE = Automatic;
				CURRENT_PROJECT_VERSION = 1;
				DEVELOPMENT_TEAM = 3428D36DYH;
				INFOPLIST_KEY_CFBundleDisplayName = EasyTrainerWatch;
				MARKETING_VERSION = 1.0;
				PRODUCT_BUNDLE_IDENTIFIER = com.myfirstApp.EasyTrainerWatch;
				PRODUCT_NAME = "$(TARGET_NAME)";
				SDKROOT = iphoneos;
				SWIFT_VERSION = 5.0;
				VALIDATE_PRODUCT = YES;
			};
			name = Release;
		};
/* End XCBuildConfiguration section */

/* Begin XCConfigurationList section */
		5267B6682BA369FC00E9C8A5 /* Build configuration list for PBXProject "EasyTrainerWatch" */ = {
			isa = XCConfigurationList;
			buildConfigurations = (
				5267B67F2BA369FF00E9C8A5 /* Debug */,
				5267B6802BA369FF00E9C8A5 /* Release */,
			);
			defaultConfigurationIsVisible = 0;
			defaultConfigurationName = Release;
		};
		5267B6812BA369FF00E9C8A5 /* Build configuration list for PBXNativeTarget "EasyTrainerWatch Watch App" */ = {
			isa = XCConfigurationList;
			buildConfigurations = (
				5267B6822BA369FF00E9C8A5 /* Debug */,
				5267B6832BA369FF00E9C8A5 /* Release */,
			);
			defaultConfigurationIsVisible = 0;
			defaultConfigurationName = Release;
		};
		5267B6852BA369FF00E9C8A5 /* Build configuration list for PBXNativeTarget "EasyTrainerWatch" */ = {
			isa = XCConfigurationList;
			buildConfigurations = (
				5267B6862BA369FF00E9C8A5 /* Debug */,
				5267B6872BA369FF00E9C8A5 /* Release */,
			);
			defaultConfigurationIsVisible = 0;
			defaultConfigurationName = Release;
		};
/* End XCConfigurationList section */
	};
	rootObject = 5267B6652BA369FC00E9C8A5 /* Project object */;
}
